
Microsoft Visual Studio Solution File, Format Version 12.00
# Visual Studio Version 17
VisualStudioVersion = 17.11.35327.3
MinimumVisualStudioVersion = 10.0.40219.1
Project("{FAE04EC0-301F-11D3-BF4B-00C04F79EFBC}") = "ComputerGraphics_lab2", "ComputerGraphics_lab2.csproj", "{B4D3604B-87C4-4F68-B4CA-02F6E35168C0}"
EndProject
Global
	GlobalSection(SolutionConfigurationPlatforms) = preSolution
		Debug|Any CPU = Debug|Any CPU
		Release|Any CPU = Release|Any CPU
	EndGlobalSection
	GlobalSection(ProjectConfigurationPlatforms) = postSolution
		{B4D3604B-87C4-4F68-B4CA-02F6E35168C0}.Debug|Any CPU.ActiveCfg = Debug|Any CPU
		{B4D3604B-87C4-4F68-B4CA-02F6E35168C0}.Debug|Any CPU.Build.0 = Debug|Any CPU
		{B4D3604B-87C4-4F68-B4CA-02F6E35168C0}.Release|Any CPU.ActiveCfg = Release|Any CPU
		{B4D3604B-87C4-4F68-B4CA-02F6E35168C0}.Release|Any CPU.Build.0 = Release|Any CPU
	EndGlobalSection
	GlobalSection(SolutionProperties) = preSolution
		HideSolutionNode = FALSE
	EndGlobalSection
	GlobalSection(ExtensibilityGlobals) = postSolution
		SolutionGuid = {91D135DD-02F9-45F3-9193-2C00AFE58989}
	EndGlobalSection
EndGlobal
